
Microsoft Visual Studio Solution File, Format Version 12.00
# Visual Studio Version 17
VisualStudioVersion = 17.0.31903.59
MinimumVisualStudioVersion = 10.0.40219.1
Project("{9A19103F-16F7-4668-BE54-9A1E7A4F7556}") = "BooksMgmt.API", "BooksMgmt.API\BooksMgmt.API.csproj", "{7DBB3CB5-BD89-4445-8EB1-277953E69759}"
EndProject
Project("{9A19103F-16F7-4668-BE54-9A1E7A4F7556}") = "BooksMgmt.Data", "BooksMgmt.Data\BooksMgmt.Data.csproj", "{38B95A88-8F7F-4E9F-9CC5-DBE38045F6BD}"
EndProject
Project("{9A19103F-16F7-4668-BE54-9A1E7A4F7556}") = "BooksMgmt.Domain", "BooksMgmt.Domain\BooksMgmt.Domain.csproj", "{8BE93512-E97F-47C3-8691-459594E5A41B}"
EndProject
Project("{9A19103F-16F7-4668-BE54-9A1E7A4F7556}") = "BooksMgmt.Domain.Tests", "BooksMgmt.Domain.Tests\BooksMgmt.Domain.Tests.csproj", "{AFF1D24D-F06A-41DE-B868-5C6CB65AA404}"
EndProject
Global
	GlobalSection(SolutionConfigurationPlatforms) = preSolution
		Debug|Any CPU = Debug|Any CPU
		Release|Any CPU = Release|Any CPU
	EndGlobalSection
	GlobalSection(ProjectConfigurationPlatforms) = postSolution
		{7DBB3CB5-BD89-4445-8EB1-277953E69759}.Debug|Any CPU.ActiveCfg = Debug|Any CPU
		{7DBB3CB5-BD89-4445-8EB1-277953E69759}.Debug|Any CPU.Build.0 = Debug|Any CPU
		{7DBB3CB5-BD89-4445-8EB1-277953E69759}.Release|Any CPU.ActiveCfg = Release|Any CPU
		{7DBB3CB5-BD89-4445-8EB1-277953E69759}.Release|Any CPU.Build.0 = Release|Any CPU
		{38B95A88-8F7F-4E9F-9CC5-DBE38045F6BD}.Debug|Any CPU.ActiveCfg = Debug|Any CPU
		{38B95A88-8F7F-4E9F-9CC5-DBE38045F6BD}.Debug|Any CPU.Build.0 = Debug|Any CPU
		{38B95A88-8F7F-4E9F-9CC5-DBE38045F6BD}.Release|Any CPU.ActiveCfg = Release|Any CPU
		{38B95A88-8F7F-4E9F-9CC5-DBE38045F6BD}.Release|Any CPU.Build.0 = Release|Any CPU
		{8BE93512-E97F-47C3-8691-459594E5A41B}.Debug|Any CPU.ActiveCfg = Debug|Any CPU
		{8BE93512-E97F-47C3-8691-459594E5A41B}.Debug|Any CPU.Build.0 = Debug|Any CPU
		{8BE93512-E97F-47C3-8691-459594E5A41B}.Release|Any CPU.ActiveCfg = Release|Any CPU
		{8BE93512-E97F-47C3-8691-459594E5A41B}.Release|Any CPU.Build.0 = Release|Any CPU
		{AFF1D24D-F06A-41DE-B868-5C6CB65AA404}.Debug|Any CPU.ActiveCfg = Debug|Any CPU
		{AFF1D24D-F06A-41DE-B868-5C6CB65AA404}.Debug|Any CPU.Build.0 = Debug|Any CPU
		{AFF1D24D-F06A-41DE-B868-5C6CB65AA404}.Release|Any CPU.ActiveCfg = Release|Any CPU
		{AFF1D24D-F06A-41DE-B868-5C6CB65AA404}.Release|Any CPU.Build.0 = Release|Any CPU
	EndGlobalSection
	GlobalSection(SolutionProperties) = preSolution
		HideSolutionNode = FALSE
	EndGlobalSection
	GlobalSection(ExtensibilityGlobals) = postSolution
		SolutionGuid = {966FE48B-339D-45F1-A650-7AE047AB5C3B}
	EndGlobalSection
EndGlobal
